
Microsoft Visual Studio Solution File, Format Version 12.00
# Visual Studio Version 16
VisualStudioVersion = 16.0.30907.101
MinimumVisualStudioVersion = 10.0.40219.1
Project("{FAE04EC0-301F-11D3-BF4B-00C04F79EFBC}") = "Meal Planner", "Meal Planner.csproj", "{058F171F-4A25-43E1-9357-F77EF9DBDD52}"
EndProject
Global
	GlobalSection(SolutionConfigurationPlatforms) = preSolution
		Debug|Any CPU = Debug|Any CPU
		Release|Any CPU = Release|Any CPU
	EndGlobalSection
	GlobalSection(ProjectConfigurationPlatforms) = postSolution
		{058F171F-4A25-43E1-9357-F77EF9DBDD52}.Debug|Any CPU.ActiveCfg = Debug|Any CPU
		{058F171F-4A25-43E1-9357-F77EF9DBDD52}.Debug|Any CPU.Build.0 = Debug|Any CPU
		{058F171F-4A25-43E1-9357-F77EF9DBDD52}.Release|Any CPU.ActiveCfg = Release|Any CPU
		{058F171F-4A25-43E1-9357-F77EF9DBDD52}.Release|Any CPU.Build.0 = Release|Any CPU
	EndGlobalSection
	GlobalSection(SolutionProperties) = preSolution
		HideSolutionNode = FALSE
	EndGlobalSection
	GlobalSection(ExtensibilityGlobals) = postSolution
		SolutionGuid = {88E0C16A-7805-4A8E-A109-9A660DFA9F37}
	EndGlobalSection
EndGlobal
